
Microsoft Visual Studio Solution File, Format Version 12.00
# Visual Studio Version 17
VisualStudioVersion = 17.5.002.0
MinimumVisualStudioVersion = 10.0.40219.1
Project("{2150E333-8FDC-42A3-9474-1A3956D46DE8}") = "src", "src", "{05449ED5-B807-4366-BE86-2644A9CF93CD}"
EndProject
Project("{9A19103F-16F7-4668-BE54-9A1E7A4F7556}") = "BankingPanel.Api", "src\BankingPanel.Api\BankingPanel.Api.csproj", "{3E75F029-F509-4A19-8F62-A047A6802CE5}"
EndProject
Project("{9A19103F-16F7-4668-BE54-9A1E7A4F7556}") = "BankingPanel.Contracts", "src\BankingPanel.Contracts\BankingPanel.Contracts.csproj", "{701FF5B6-74A9-498E-B573-20505A440FF8}"
EndProject
Project("{FAE04EC0-301F-11D3-BF4B-00C04F79EFBC}") = "BankingPanel.Domain", "src\BankingPanel.Domain\BankingPanel.Domain.csproj", "{3F175C17-06AC-4DAD-89E4-46F3C35AFDA8}"
EndProject
Project("{FAE04EC0-301F-11D3-BF4B-00C04F79EFBC}") = "BankingPanel.Infrastructure", "src\BankingPanel.Infrastructure\BankingPanel.Infrastructure.csproj", "{1A054B98-48D9-468F-B357-AC6B56E6D466}"
EndProject
Project("{FAE04EC0-301F-11D3-BF4B-00C04F79EFBC}") = "BankingPanel.Application", "src\BankingPanel.Application\BankingPanel.Application.csproj", "{8C6331DA-79CD-42B6-A5DE-FD8A6DD789B0}"
EndProject
Global
	GlobalSection(SolutionConfigurationPlatforms) = preSolution
		Debug|Any CPU = Debug|Any CPU
		Release|Any CPU = Release|Any CPU
	EndGlobalSection
	GlobalSection(ProjectConfigurationPlatforms) = postSolution
		{3E75F029-F509-4A19-8F62-A047A6802CE5}.Debug|Any CPU.ActiveCfg = Debug|Any CPU
		{3E75F029-F509-4A19-8F62-A047A6802CE5}.Debug|Any CPU.Build.0 = Debug|Any CPU
		{3E75F029-F509-4A19-8F62-A047A6802CE5}.Release|Any CPU.ActiveCfg = Release|Any CPU
		{3E75F029-F509-4A19-8F62-A047A6802CE5}.Release|Any CPU.Build.0 = Release|Any CPU
		{701FF5B6-74A9-498E-B573-20505A440FF8}.Debug|Any CPU.ActiveCfg = Debug|Any CPU
		{701FF5B6-74A9-498E-B573-20505A440FF8}.Debug|Any CPU.Build.0 = Debug|Any CPU
		{701FF5B6-74A9-498E-B573-20505A440FF8}.Release|Any CPU.ActiveCfg = Release|Any CPU
		{701FF5B6-74A9-498E-B573-20505A440FF8}.Release|Any CPU.Build.0 = Release|Any CPU
		{3F175C17-06AC-4DAD-89E4-46F3C35AFDA8}.Debug|Any CPU.ActiveCfg = Debug|Any CPU
		{3F175C17-06AC-4DAD-89E4-46F3C35AFDA8}.Debug|Any CPU.Build.0 = Debug|Any CPU
		{3F175C17-06AC-4DAD-89E4-46F3C35AFDA8}.Release|Any CPU.ActiveCfg = Release|Any CPU
		{3F175C17-06AC-4DAD-89E4-46F3C35AFDA8}.Release|Any CPU.Build.0 = Release|Any CPU
		{1A054B98-48D9-468F-B357-AC6B56E6D466}.Debug|Any CPU.ActiveCfg = Debug|Any CPU
		{1A054B98-48D9-468F-B357-AC6B56E6D466}.Debug|Any CPU.Build.0 = Debug|Any CPU
		{1A054B98-48D9-468F-B357-AC6B56E6D466}.Release|Any CPU.ActiveCfg = Release|Any CPU
		{1A054B98-48D9-468F-B357-AC6B56E6D466}.Release|Any CPU.Build.0 = Release|Any CPU
		{8C6331DA-79CD-42B6-A5DE-FD8A6DD789B0}.Debug|Any CPU.ActiveCfg = Debug|Any CPU
		{8C6331DA-79CD-42B6-A5DE-FD8A6DD789B0}.Debug|Any CPU.Build.0 = Debug|Any CPU
		{8C6331DA-79CD-42B6-A5DE-FD8A6DD789B0}.Release|Any CPU.ActiveCfg = Release|Any CPU
		{8C6331DA-79CD-42B6-A5DE-FD8A6DD789B0}.Release|Any CPU.Build.0 = Release|Any CPU
	EndGlobalSection
	GlobalSection(SolutionProperties) = preSolution
		HideSolutionNode = FALSE
	EndGlobalSection
	GlobalSection(NestedProjects) = preSolution
		{3E75F029-F509-4A19-8F62-A047A6802CE5} = {05449ED5-B807-4366-BE86-2644A9CF93CD}
		{701FF5B6-74A9-498E-B573-20505A440FF8} = {05449ED5-B807-4366-BE86-2644A9CF93CD}
		{3F175C17-06AC-4DAD-89E4-46F3C35AFDA8} = {05449ED5-B807-4366-BE86-2644A9CF93CD}
		{1A054B98-48D9-468F-B357-AC6B56E6D466} = {05449ED5-B807-4366-BE86-2644A9CF93CD}
		{8C6331DA-79CD-42B6-A5DE-FD8A6DD789B0} = {05449ED5-B807-4366-BE86-2644A9CF93CD}
	EndGlobalSection
	GlobalSection(ExtensibilityGlobals) = postSolution
		SolutionGuid = {D0F1F56C-290D-418E-8BBA-BD5D3CB98E89}
	EndGlobalSection
EndGlobal
